
Microsoft Visual Studio Solution File, Format Version 12.00
# Visual Studio Version 17
VisualStudioVersion = 17.0.31903.59
MinimumVisualStudioVersion = 10.0.40219.1
Project("{FAE04EC0-301F-11D3-BF4B-00C04F79EFBC}") = "OOP", "OOP\OOP.csproj", "{498B4CBB-EEF3-421F-AA72-019128B927F6}"
EndProject
Project("{FAE04EC0-301F-11D3-BF4B-00C04F79EFBC}") = "MyClassLibrary", "MyClassLibrary\MyClassLibrary.csproj", "{7479F31C-B8A6-450F-BD8D-631A42DEEAB4}"
EndProject
Global
	GlobalSection(SolutionConfigurationPlatforms) = preSolution
		Debug|Any CPU = Debug|Any CPU
		Release|Any CPU = Release|Any CPU
	EndGlobalSection
	GlobalSection(SolutionProperties) = preSolution
		HideSolutionNode = FALSE
	EndGlobalSection
	GlobalSection(ProjectConfigurationPlatforms) = postSolution
		{498B4CBB-EEF3-421F-AA72-019128B927F6}.Debug|Any CPU.ActiveCfg = Debug|Any CPU
		{498B4CBB-EEF3-421F-AA72-019128B927F6}.Debug|Any CPU.Build.0 = Debug|Any CPU
		{498B4CBB-EEF3-421F-AA72-019128B927F6}.Release|Any CPU.ActiveCfg = Release|Any CPU
		{498B4CBB-EEF3-421F-AA72-019128B927F6}.Release|Any CPU.Build.0 = Release|Any CPU
		{7479F31C-B8A6-450F-BD8D-631A42DEEAB4}.Debug|Any CPU.ActiveCfg = Debug|Any CPU
		{7479F31C-B8A6-450F-BD8D-631A42DEEAB4}.Debug|Any CPU.Build.0 = Debug|Any CPU
		{7479F31C-B8A6-450F-BD8D-631A42DEEAB4}.Release|Any CPU.ActiveCfg = Release|Any CPU
		{7479F31C-B8A6-450F-BD8D-631A42DEEAB4}.Release|Any CPU.Build.0 = Release|Any CPU
	EndGlobalSection
EndGlobal
