
Microsoft Visual Studio Solution File, Format Version 12.00
# Visual Studio Version 17
VisualStudioVersion = 17.5.002.0
MinimumVisualStudioVersion = 10.0.40219.1
Project("{9A19103F-16F7-4668-BE54-9A1E7A4F7556}") = "C# OOP", "C# OOP.csproj", "{920B1A90-05D6-4E82-851C-60004CBDAAAF}"
EndProject
Global
	GlobalSection(SolutionConfigurationPlatforms) = preSolution
		Debug|Any CPU = Debug|Any CPU
		Release|Any CPU = Release|Any CPU
	EndGlobalSection
	GlobalSection(ProjectConfigurationPlatforms) = postSolution
		{920B1A90-05D6-4E82-851C-60004CBDAAAF}.Debug|Any CPU.ActiveCfg = Debug|Any CPU
		{920B1A90-05D6-4E82-851C-60004CBDAAAF}.Debug|Any CPU.Build.0 = Debug|Any CPU
		{920B1A90-05D6-4E82-851C-60004CBDAAAF}.Release|Any CPU.ActiveCfg = Release|Any CPU
		{920B1A90-05D6-4E82-851C-60004CBDAAAF}.Release|Any CPU.Build.0 = Release|Any CPU
	EndGlobalSection
	GlobalSection(SolutionProperties) = preSolution
		HideSolutionNode = FALSE
	EndGlobalSection
	GlobalSection(ExtensibilityGlobals) = postSolution
		SolutionGuid = {297BFDCD-02D1-4437-8178-CBF836A8FE52}
	EndGlobalSection
EndGlobal
