
Microsoft Visual Studio Solution File, Format Version 12.00
# Visual Studio Version 17
VisualStudioVersion = 17.0.31903.59
MinimumVisualStudioVersion = 10.0.40219.1
Project("{FAE04EC0-301F-11D3-BF4B-00C04F79EFBC}") = "Entity Framework", "Entity Framework\Entity Framework.csproj", "{1E2D88CF-DA43-4076-AFB5-1145B5028FED}"
EndProject
Global
	GlobalSection(SolutionConfigurationPlatforms) = preSolution
		Debug|Any CPU = Debug|Any CPU
		Release|Any CPU = Release|Any CPU
	EndGlobalSection
	GlobalSection(SolutionProperties) = preSolution
		HideSolutionNode = FALSE
	EndGlobalSection
	GlobalSection(ProjectConfigurationPlatforms) = postSolution
		{1E2D88CF-DA43-4076-AFB5-1145B5028FED}.Debug|Any CPU.ActiveCfg = Debug|Any CPU
		{1E2D88CF-DA43-4076-AFB5-1145B5028FED}.Debug|Any CPU.Build.0 = Debug|Any CPU
		{1E2D88CF-DA43-4076-AFB5-1145B5028FED}.Release|Any CPU.ActiveCfg = Release|Any CPU
		{1E2D88CF-DA43-4076-AFB5-1145B5028FED}.Release|Any CPU.Build.0 = Release|Any CPU
	EndGlobalSection
EndGlobal
